
Microsoft Visual Studio Solution File, Format Version 12.00
# Visual Studio Version 16
VisualStudioVersion = 16.0.30320.27
MinimumVisualStudioVersion = 10.0.40219.1
Project("{FAE04EC0-301F-11D3-BF4B-00C04F79EFBC}") = "LeftRover", "LeftRover.csproj", "{7ABCD3C6-924E-4BB4-AA26-47A4E1D73C38}"
EndProject
Global
	GlobalSection(SolutionConfigurationPlatforms) = preSolution
		Debug|Any CPU = Debug|Any CPU
		Release|Any CPU = Release|Any CPU
	EndGlobalSection
	GlobalSection(ProjectConfigurationPlatforms) = postSolution
		{7ABCD3C6-924E-4BB4-AA26-47A4E1D73C38}.Debug|Any CPU.ActiveCfg = Debug|Any CPU
		{7ABCD3C6-924E-4BB4-AA26-47A4E1D73C38}.Debug|Any CPU.Build.0 = Debug|Any CPU
		{7ABCD3C6-924E-4BB4-AA26-47A4E1D73C38}.Release|Any CPU.ActiveCfg = Release|Any CPU
		{7ABCD3C6-924E-4BB4-AA26-47A4E1D73C38}.Release|Any CPU.Build.0 = Release|Any CPU
	EndGlobalSection
	GlobalSection(SolutionProperties) = preSolution
		HideSolutionNode = FALSE
	EndGlobalSection
	GlobalSection(ExtensibilityGlobals) = postSolution
		SolutionGuid = {7A36A8A0-83A6-4B6B-930E-34A2B8D076AB}
	EndGlobalSection
EndGlobal
